// !$*UTF8*$!
{
	archiveVersion = 1;
	classes = {
	};
	objectVersion = 55;
	objects = {

/* Begin PBXBuildFile section */
		CEC3F0E72865F872007EDF40 /* RandomWikiPageApp.swift in Sources */ = {isa = PBXBuildFile; fileRef = CEC3F0E62865F872007EDF40 /* RandomWikiPageApp.swift */; };
		CEC3F0EB2865F878007EDF40 /* Assets.xcassets in Resources */ = {isa = PBXBuildFile; fileRef = CEC3F0EA2865F878007EDF40 /* Assets.xcassets */; };
		CEC3F0EE2865F878007EDF40 /* Preview Assets.xcassets in Resources */ = {isa = PBXBuildFile; fileRef = CEC3F0ED2865F878007EDF40 /* Preview Assets.xcassets */; };
		CEED442E28699F84000AE54B /* WikipediaKit in Frameworks */ = {isa = PBXBuildFile; productRef = CEED442D28699F84000AE54B /* WikipediaKit */; };
		CEED443028699FD2000AE54B /* wikiApiView.swift in Sources */ = {isa = PBXBuildFile; fileRef = CEED442F28699FD2000AE54B /* wikiApiView.swift */; };
		CEED44352869C395000AE54B /* MainView.swift in Sources */ = {isa = PBXBuildFile; fileRef = CEED44342869C395000AE54B /* MainView.swift */; };
		CEED44372869C3E0000AE54B /* infosView.swift in Sources */ = {isa = PBXBuildFile; fileRef = CEED44362869C3E0000AE54B /* infosView.swift */; };
		CEED44392869D453000AE54B /* CustomQrCode.swift in Sources */ = {isa = PBXBuildFile; fileRef = CEED44382869D453000AE54B /* CustomQrCode.swift */; };
		CEED443B2869D923000AE54B /* customButton.swift in Sources */ = {isa = PBXBuildFile; fileRef = CEED443A2869D923000AE54B /* customButton.swift */; };
/* End PBXBuildFile section */

/* Begin PBXFileReference section */
		CEC3F0E32865F872007EDF40 /* RandomWikiPage.app */ = {isa = PBXFileReference; explicitFileType = wrapper.application; includeInIndex = 0; path = RandomWikiPage.app; sourceTree = BUILT_PRODUCTS_DIR; };
		CEC3F0E62865F872007EDF40 /* RandomWikiPageApp.swift */ = {isa = PBXFileReference; lastKnownFileType = sourcecode.swift; path = RandomWikiPageApp.swift; sourceTree = "<group>"; };
		CEC3F0EA2865F878007EDF40 /* Assets.xcassets */ = {isa = PBXFileReference; lastKnownFileType = folder.assetcatalog; path = Assets.xcassets; sourceTree = "<group>"; };
		CEC3F0ED2865F878007EDF40 /* Preview Assets.xcassets */ = {isa = PBXFileReference; lastKnownFileType = folder.assetcatalog; path = "Preview Assets.xcassets"; sourceTree = "<group>"; };
		CEED442F28699FD2000AE54B /* wikiApiView.swift */ = {isa = PBXFileReference; lastKnownFileType = sourcecode.swift; path = wikiApiView.swift; sourceTree = "<group>"; };
		CEED44342869C395000AE54B /* MainView.swift */ = {isa = PBXFileReference; lastKnownFileType = sourcecode.swift; path = MainView.swift; sourceTree = "<group>"; };
		CEED44362869C3E0000AE54B /* infosView.swift */ = {isa = PBXFileReference; lastKnownFileType = sourcecode.swift; path = infosView.swift; sourceTree = "<group>"; };
		CEED44382869D453000AE54B /* CustomQrCode.swift */ = {isa = PBXFileReference; lastKnownFileType = sourcecode.swift; path = CustomQrCode.swift; sourceTree = "<group>"; };
		CEED443A2869D923000AE54B /* customButton.swift */ = {isa = PBXFileReference; lastKnownFileType = sourcecode.swift; path = customButton.swift; sourceTree = "<group>"; };
/* End PBXFileReference section */

/* Begin PBXFrameworksBuildPhase section */
		CEC3F0E02865F872007EDF40 /* Frameworks */ = {
			isa = PBXFrameworksBuildPhase;
			buildActionMask = 2147483647;
			files = (
				CEED442E28699F84000AE54B /* WikipediaKit in Frameworks */,
			);
			runOnlyForDeploymentPostprocessing = 0;
		};
/* End PBXFrameworksBuildPhase section */

/* Begin PBXGroup section */
		CEC3F0DA2865F872007EDF40 = {
			isa = PBXGroup;
			children = (
				CEC3F0E52865F872007EDF40 /* RandomWikiPage */,
				CEC3F0E42865F872007EDF40 /* Products */,
			);
			sourceTree = "<group>";
		};
		CEC3F0E42865F872007EDF40 /* Products */ = {
			isa = PBXGroup;
			children = (
				CEC3F0E32865F872007EDF40 /* RandomWikiPage.app */,
			);
			name = Products;
			sourceTree = "<group>";
		};
		CEC3F0E52865F872007EDF40 /* RandomWikiPage */ = {
			isa = PBXGroup;
			children = (
				CEC3F0E62865F872007EDF40 /* RandomWikiPageApp.swift */,
				CEED44342869C395000AE54B /* MainView.swift */,
				CEED44382869D453000AE54B /* CustomQrCode.swift */,
				CEED44362869C3E0000AE54B /* infosView.swift */,
				CEED442F28699FD2000AE54B /* wikiApiView.swift */,
				CEED443A2869D923000AE54B /* customButton.swift */,
				CEC3F0EA2865F878007EDF40 /* Assets.xcassets */,
				CEC3F0EC2865F878007EDF40 /* Preview Content */,
			);
			path = RandomWikiPage;
			sourceTree = "<group>";
		};
		CEC3F0EC2865F878007EDF40 /* Preview Content */ = {
			isa = PBXGroup;
			children = (
				CEC3F0ED2865F878007EDF40 /* Preview Assets.xcassets */,
			);
			path = "Preview Content";
			sourceTree = "<group>";
		};
/* End PBXGroup section */

/* Begin PBXNativeTarget section */
		CEC3F0E22865F872007EDF40 /* RandomWikiPage */ = {
			isa = PBXNativeTarget;
			buildConfigurationList = CEC3F0F12865F878007EDF40 /* Build configuration list for PBXNativeTarget "RandomWikiPage" */;
			buildPhases = (
				CEC3F0DF2865F872007EDF40 /* Sources */,
				CEC3F0E02865F872007EDF40 /* Frameworks */,
				CEC3F0E12865F872007EDF40 /* Resources */,
			);
			buildRules = (
			);
			dependencies = (
			);
			name = RandomWikiPage;
			packageProductDependencies = (
				CEED442D28699F84000AE54B /* WikipediaKit */,
			);
			productName = RandomWikiPage;
			productReference = CEC3F0E32865F872007EDF40 /* RandomWikiPage.app */;
			productType = "com.apple.product-type.application";
		};
/* End PBXNativeTarget section */

/* Begin PBXProject section */
		CEC3F0DB2865F872007EDF40 /* Project object */ = {
			isa = PBXProject;
			attributes = {
				BuildIndependentTargetsInParallel = 1;
				LastSwiftUpdateCheck = 1340;
				LastUpgradeCheck = 1340;
				TargetAttributes = {
					CEC3F0E22865F872007EDF40 = {
						CreatedOnToolsVersion = 13.4;
					};
				};
			};
			buildConfigurationList = CEC3F0DE2865F872007EDF40 /* Build configuration list for PBXProject "RandomWikiPage" */;
			compatibilityVersion = "Xcode 13.0";
			developmentRegion = en;
			hasScannedForEncodings = 0;
			knownRegions = (
				en,
				Base,
			);
			mainGroup = CEC3F0DA2865F872007EDF40;
			packageReferences = (
				CEC3F0F42865FC07007EDF40 /* XCRemoteSwiftPackageReference "SwiftSoup" */,
				CEED442C28699F84000AE54B /* XCRemoteSwiftPackageReference "WikipediaKit" */,
			);
			productRefGroup = CEC3F0E42865F872007EDF40 /* Products */;
			projectDirPath = "";
			projectRoot = "";
			targets = (
				CEC3F0E22865F872007EDF40 /* RandomWikiPage */,
			);
		};
/* End PBXProject section */

/* Begin PBXResourcesBuildPhase section */
		CEC3F0E12865F872007EDF40 /* Resources */ = {
			isa = PBXResourcesBuildPhase;
			buildActionMask = 2147483647;
			files = (
				CEC3F0EE2865F878007EDF40 /* Preview Assets.xcassets in Resources */,
				CEC3F0EB2865F878007EDF40 /* Assets.xcassets in Resources */,
			);
			runOnlyForDeploymentPostprocessing = 0;
		};
/* End PBXResourcesBuildPhase section */

/* Begin PBXSourcesBuildPhase section */
		CEC3F0DF2865F872007EDF40 /* Sources */ = {
			isa = PBXSourcesBuildPhase;
			buildActionMask = 2147483647;
			files = (
				CEED44372869C3E0000AE54B /* infosView.swift in Sources */,
				CEED443028699FD2000AE54B /* wikiApiView.swift in Sources */,
				CEED443B2869D923000AE54B /* customButton.swift in Sources */,
				CEED44392869D453000AE54B /* CustomQrCode.swift in Sources */,
				CEED44352869C395000AE54B /* MainView.swift in Sources */,
				CEC3F0E72865F872007EDF40 /* RandomWikiPageApp.swift in Sources */,
			);
			runOnlyForDeploymentPostprocessing = 0;
		};
/* End PBXSourcesBuildPhase section */

/* Begin XCBuildConfiguration section */
		CEC3F0EF2865F878007EDF40 /* Debug */ = {
			isa = XCBuildConfiguration;
			buildSettings = {
				ALWAYS_SEARCH_USER_PATHS = NO;
				CLANG_ANALYZER_NONNULL = YES;
				CLANG_ANALYZER_NUMBER_OBJECT_CONVERSION = YES_AGGRESSIVE;
				CLANG_CXX_LANGUAGE_STANDARD = "gnu++17";
				CLANG_ENABLE_MODULES = YES;
				CLANG_ENABLE_OBJC_ARC = YES;
				CLANG_ENABLE_OBJC_WEAK = YES;
				CLANG_WARN_BLOCK_CAPTURE_AUTORELEASING = YES;
				CLANG_WARN_BOOL_CONVERSION = YES;
				CLANG_WARN_COMMA = YES;
				CLANG_WARN_CONSTANT_CONVERSION = YES;
				CLANG_WARN_DEPRECATED_OBJC_IMPLEMENTATIONS = YES;
				CLANG_WARN_DIRECT_OBJC_ISA_USAGE = YES_ERROR;
				CLANG_WARN_DOCUMENTATION_COMMENTS = YES;
				CLANG_WARN_EMPTY_BODY = YES;
				CLANG_WARN_ENUM_CONVERSION = YES;
				CLANG_WARN_INFINITE_RECURSION = YES;
				CLANG_WARN_INT_CONVERSION = YES;
				CLANG_WARN_NON_LITERAL_NULL_CONVERSION = YES;
				CLANG_WARN_OBJC_IMPLICIT_RETAIN_SELF = YES;
				CLANG_WARN_OBJC_LITERAL_CONVERSION = YES;
				CLANG_WARN_OBJC_ROOT_CLASS = YES_ERROR;
				CLANG_WARN_QUOTED_INCLUDE_IN_FRAMEWORK_HEADER = YES;
				CLANG_WARN_RANGE_LOOP_ANALYSIS = YES;
				CLANG_WARN_STRICT_PROTOTYPES = YES;
				CLANG_WARN_SUSPICIOUS_MOVE = YES;
				CLANG_WARN_UNGUARDED_AVAILABILITY = YES_AGGRESSIVE;
				CLANG_WARN_UNREACHABLE_CODE = YES;
				CLANG_WARN__DUPLICATE_METHOD_MATCH = YES;
				COPY_PHASE_STRIP = NO;
				DEBUG_INFORMATION_FORMAT = dwarf;
				ENABLE_STRICT_OBJC_MSGSEND = YES;
				ENABLE_TESTABILITY = YES;
				GCC_C_LANGUAGE_STANDARD = gnu11;
				GCC_DYNAMIC_NO_PIC = NO;
				GCC_NO_COMMON_BLOCKS = YES;
				GCC_OPTIMIZATION_LEVEL = 0;
				GCC_PREPROCESSOR_DEFINITIONS = (
					"DEBUG=1",
					"$(inherited)",
				);
				GCC_WARN_64_TO_32_BIT_CONVERSION = YES;
				GCC_WARN_ABOUT_RETURN_TYPE = YES_ERROR;
				GCC_WARN_UNDECLARED_SELECTOR = YES;
				GCC_WARN_UNINITIALIZED_AUTOS = YES_AGGRESSIVE;
				GCC_WARN_UNUSED_FUNCTION = YES;
				GCC_WARN_UNUSED_VARIABLE = YES;
				IPHONEOS_DEPLOYMENT_TARGET = 15.5;
				MTL_ENABLE_DEBUG_INFO = INCLUDE_SOURCE;
				MTL_FAST_MATH = YES;
				ONLY_ACTIVE_ARCH = YES;
				SDKROOT = iphoneos;
				SWIFT_ACTIVE_COMPILATION_CONDITIONS = DEBUG;
				SWIFT_OPTIMIZATION_LEVEL = "-Onone";
			};
			name = Debug;
		};
		CEC3F0F02865F878007EDF40 /* Release */ = {
			isa = XCBuildConfiguration;
			buildSettings = {
				ALWAYS_SEARCH_USER_PATHS = NO;
				CLANG_ANALYZER_NONNULL = YES;
				CLANG_ANALYZER_NUMBER_OBJECT_CONVERSION = YES_AGGRESSIVE;
				CLANG_CXX_LANGUAGE_STANDARD = "gnu++17";
				CLANG_ENABLE_MODULES = YES;
				CLANG_ENABLE_OBJC_ARC = YES;
				CLANG_ENABLE_OBJC_WEAK = YES;
				CLANG_WARN_BLOCK_CAPTURE_AUTORELEASING = YES;
				CLANG_WARN_BOOL_CONVERSION = YES;
				CLANG_WARN_COMMA = YES;
				CLANG_WARN_CONSTANT_CONVERSION = YES;
				CLANG_WARN_DEPRECATED_OBJC_IMPLEMENTATIONS = YES;
				CLANG_WARN_DIRECT_OBJC_ISA_USAGE = YES_ERROR;
				CLANG_WARN_DOCUMENTATION_COMMENTS = YES;
				CLANG_WARN_EMPTY_BODY = YES;
				CLANG_WARN_ENUM_CONVERSION = YES;
				CLANG_WARN_INFINITE_RECURSION = YES;
				CLANG_WARN_INT_CONVERSION = YES;
				CLANG_WARN_NON_LITERAL_NULL_CONVERSION = YES;
				CLANG_WARN_OBJC_IMPLICIT_RETAIN_SELF = YES;
				CLANG_WARN_OBJC_LITERAL_CONVERSION = YES;
				CLANG_WARN_OBJC_ROOT_CLASS = YES_ERROR;
				CLANG_WARN_QUOTED_INCLUDE_IN_FRAMEWORK_HEADER = YES;
				CLANG_WARN_RANGE_LOOP_ANALYSIS = YES;
				CLANG_WARN_STRICT_PROTOTYPES = YES;
				CLANG_WARN_SUSPICIOUS_MOVE = YES;
				CLANG_WARN_UNGUARDED_AVAILABILITY = YES_AGGRESSIVE;
				CLANG_WARN_UNREACHABLE_CODE = YES;
				CLANG_WARN__DUPLICATE_METHOD_MATCH = YES;
				COPY_PHASE_STRIP = NO;
				DEBUG_INFORMATION_FORMAT = "dwarf-with-dsym";
				ENABLE_NS_ASSERTIONS = NO;
				ENABLE_STRICT_OBJC_MSGSEND = YES;
				GCC_C_LANGUAGE_STANDARD = gnu11;
				GCC_NO_COMMON_BLOCKS = YES;
				GCC_WARN_64_TO_32_BIT_CONVERSION = YES;
				GCC_WARN_ABOUT_RETURN_TYPE = YES_ERROR;
				GCC_WARN_UNDECLARED_SELECTOR = YES;
				GCC_WARN_UNINITIALIZED_AUTOS = YES_AGGRESSIVE;
				GCC_WARN_UNUSED_FUNCTION = YES;
				GCC_WARN_UNUSED_VARIABLE = YES;
				IPHONEOS_DEPLOYMENT_TARGET = 15.5;
				MTL_ENABLE_DEBUG_INFO = NO;
				MTL_FAST_MATH = YES;
				SDKROOT = iphoneos;
				SWIFT_COMPILATION_MODE = wholemodule;
				SWIFT_OPTIMIZATION_LEVEL = "-O";
				VALIDATE_PRODUCT = YES;
			};
			name = Release;
		};
		CEC3F0F22865F878007EDF40 /* Debug */ = {
			isa = XCBuildConfiguration;
			buildSettings = {
				ASSETCATALOG_COMPILER_APPICON_NAME = AppIcon;
				ASSETCATALOG_COMPILER_GLOBAL_ACCENT_COLOR_NAME = AccentColor;
				CODE_SIGN_STYLE = Automatic;
				CURRENT_PROJECT_VERSION = 1;
				DEVELOPMENT_ASSET_PATHS = "\"RandomWikiPage/Preview Content\"";
				ENABLE_PREVIEWS = YES;
				GENERATE_INFOPLIST_FILE = YES;
				INFOPLIST_KEY_UIApplicationSceneManifest_Generation = YES;
				INFOPLIST_KEY_UIApplicationSupportsIndirectInputEvents = YES;
				INFOPLIST_KEY_UILaunchScreen_Generation = YES;
				INFOPLIST_KEY_UISupportedInterfaceOrientations_iPad = "UIInterfaceOrientationPortrait UIInterfaceOrientationPortraitUpsideDown UIInterfaceOrientationLandscapeLeft UIInterfaceOrientationLandscapeRight";
				INFOPLIST_KEY_UISupportedInterfaceOrientations_iPhone = "UIInterfaceOrientationPortrait UIInterfaceOrientationLandscapeLeft UIInterfaceOrientationLandscapeRight";
				LD_RUNPATH_SEARCH_PATHS = (
					"$(inherited)",
					"@executable_path/Frameworks",
				);
				MARKETING_VERSION = 1.0;
				PRODUCT_BUNDLE_IDENTIFIER = com.x.RandomWikiPage;
				PRODUCT_NAME = "$(TARGET_NAME)";
				SWIFT_EMIT_LOC_STRINGS = YES;
				SWIFT_VERSION = 5.0;
				TARGETED_DEVICE_FAMILY = "1,2";
			};
			name = Debug;
		};
		CEC3F0F32865F878007EDF40 /* Release */ = {
			isa = XCBuildConfiguration;
			buildSettings = {
				ASSETCATALOG_COMPILER_APPICON_NAME = AppIcon;
				ASSETCATALOG_COMPILER_GLOBAL_ACCENT_COLOR_NAME = AccentColor;
				CODE_SIGN_STYLE = Automatic;
				CURRENT_PROJECT_VERSION = 1;
				DEVELOPMENT_ASSET_PATHS = "\"RandomWikiPage/Preview Content\"";
				ENABLE_PREVIEWS = YES;
				GENERATE_INFOPLIST_FILE = YES;
				INFOPLIST_KEY_UIApplicationSceneManifest_Generation = YES;
				INFOPLIST_KEY_UIApplicationSupportsIndirectInputEvents = YES;
				INFOPLIST_KEY_UILaunchScreen_Generation = YES;
				INFOPLIST_KEY_UISupportedInterfaceOrientations_iPad = "UIInterfaceOrientationPortrait UIInterfaceOrientationPortraitUpsideDown UIInterfaceOrientationLandscapeLeft UIInterfaceOrientationLandscapeRight";
				INFOPLIST_KEY_UISupportedInterfaceOrientations_iPhone = "UIInterfaceOrientationPortrait UIInterfaceOrientationLandscapeLeft UIInterfaceOrientationLandscapeRight";
				LD_RUNPATH_SEARCH_PATHS = (
					"$(inherited)",
					"@executable_path/Frameworks",
				);
				MARKETING_VERSION = 1.0;
				PRODUCT_BUNDLE_IDENTIFIER = com.x.RandomWikiPage;
				PRODUCT_NAME = "$(TARGET_NAME)";
				SWIFT_EMIT_LOC_STRINGS = YES;
				SWIFT_VERSION = 5.0;
				TARGETED_DEVICE_FAMILY = "1,2";
			};
			name = Release;
		};
/* End XCBuildConfiguration section */

/* Begin XCConfigurationList section */
		CEC3F0DE2865F872007EDF40 /* Build configuration list for PBXProject "RandomWikiPage" */ = {
			isa = XCConfigurationList;
			buildConfigurations = (
				CEC3F0EF2865F878007EDF40 /* Debug */,
				CEC3F0F02865F878007EDF40 /* Release */,
			);
			defaultConfigurationIsVisible = 0;
			defaultConfigurationName = Release;
		};
		CEC3F0F12865F878007EDF40 /* Build configuration list for PBXNativeTarget "RandomWikiPage" */ = {
			isa = XCConfigurationList;
			buildConfigurations = (
				CEC3F0F22865F878007EDF40 /* Debug */,
				CEC3F0F32865F878007EDF40 /* Release */,
			);
			defaultConfigurationIsVisible = 0;
			defaultConfigurationName = Release;
		};
/* End XCConfigurationList section */

/* Begin XCRemoteSwiftPackageReference section */
		CEC3F0F42865FC07007EDF40 /* XCRemoteSwiftPackageReference "SwiftSoup" */ = {
			isa = XCRemoteSwiftPackageReference;
			repositoryURL = "https://github.com/scinfu/SwiftSoup.git";
			requirement = {
				kind = upToNextMajorVersion;
				minimumVersion = 2.0.0;
			};
		};
		CEED442C28699F84000AE54B /* XCRemoteSwiftPackageReference "WikipediaKit" */ = {
			isa = XCRemoteSwiftPackageReference;
			repositoryURL = "https://github.com/Raureif/WikipediaKit.git";
			requirement = {
				branch = main;
				kind = branch;
			};
		};
/* End XCRemoteSwiftPackageReference section */

/* Begin XCSwiftPackageProductDependency section */
		CEED442D28699F84000AE54B /* WikipediaKit */ = {
			isa = XCSwiftPackageProductDependency;
			package = CEED442C28699F84000AE54B /* XCRemoteSwiftPackageReference "WikipediaKit" */;
			productName = WikipediaKit;
		};
/* End XCSwiftPackageProductDependency section */
	};
	rootObject = CEC3F0DB2865F872007EDF40 /* Project object */;
}
